
Microsoft Visual Studio Solution File, Format Version 12.00
# Visual Studio Version 16
VisualStudioVersion = 16.0.30503.244
MinimumVisualStudioVersion = 10.0.40219.1
Project("{FAE04EC0-301F-11D3-BF4B-00C04F79EFBC}") = "WebApplication1", "WebApplication1\WebApplication1.csproj", "{1E214812-E4D8-43B7-AD92-D90DCBBB260F}"
EndProject
Global
	GlobalSection(SolutionConfigurationPlatforms) = preSolution
		Debug|Any CPU = Debug|Any CPU
		Release|Any CPU = Release|Any CPU
	EndGlobalSection
	GlobalSection(ProjectConfigurationPlatforms) = postSolution
		{1E214812-E4D8-43B7-AD92-D90DCBBB260F}.Debug|Any CPU.ActiveCfg = Debug|Any CPU
		{1E214812-E4D8-43B7-AD92-D90DCBBB260F}.Debug|Any CPU.Build.0 = Debug|Any CPU
		{1E214812-E4D8-43B7-AD92-D90DCBBB260F}.Release|Any CPU.ActiveCfg = Release|Any CPU
		{1E214812-E4D8-43B7-AD92-D90DCBBB260F}.Release|Any CPU.Build.0 = Release|Any CPU
	EndGlobalSection
	GlobalSection(SolutionProperties) = preSolution
		HideSolutionNode = FALSE
	EndGlobalSection
	GlobalSection(ExtensibilityGlobals) = postSolution
		SolutionGuid = {DBB099AE-5146-4D09-B504-B304FA9B0408}
	EndGlobalSection
EndGlobal
